
Microsoft Visual Studio Solution File, Format Version 12.00
# Visual Studio 15
VisualStudioVersion = 15.0.27703.1
MinimumVisualStudioVersion = 10.0.40219.1
Project("{FAE04EC0-301F-11D3-BF4B-00C04F79EFBC}") = "IrisFlowerClassifier", "IrisFlowerClassifier\IrisFlowerClassifier.csproj", "{8F88C0F6-1CBE-4184-AC41-6CC45093B152}"
EndProject
Global
	GlobalSection(SolutionConfigurationPlatforms) = preSolution
		Debug|Any CPU = Debug|Any CPU
		Release|Any CPU = Release|Any CPU
	EndGlobalSection
	GlobalSection(ProjectConfigurationPlatforms) = postSolution
		{8F88C0F6-1CBE-4184-AC41-6CC45093B152}.Debug|Any CPU.ActiveCfg = Debug|Any CPU
		{8F88C0F6-1CBE-4184-AC41-6CC45093B152}.Debug|Any CPU.Build.0 = Debug|Any CPU
		{8F88C0F6-1CBE-4184-AC41-6CC45093B152}.Release|Any CPU.ActiveCfg = Release|Any CPU
		{8F88C0F6-1CBE-4184-AC41-6CC45093B152}.Release|Any CPU.Build.0 = Release|Any CPU
	EndGlobalSection
	GlobalSection(SolutionProperties) = preSolution
		HideSolutionNode = FALSE
	EndGlobalSection
	GlobalSection(ExtensibilityGlobals) = postSolution
		SolutionGuid = {28564D3B-F955-46E4-A7F0-F220EA4BA2D1}
	EndGlobalSection
EndGlobal
